{
  "name": "noh",
  "version": "0.1.0",
  "lockfileVersion": 3,
  "requires": true,
  "packages": {
    "": {
      "name": "noh",
      "version": "0.1.0",
      "license": "MIT",
      "peerDependencies": {
        "v86": "^0.5.461"
      },
      "peerDependenciesMeta": {
        "v86": {
          "optional": true
        }
      }
    },
    "node_modules/v86": {
      "version": "0.5.461",
      "resolved": "https://registry.npmjs.org/v86/-/v86-0.5.461.tgz",
      "integrity": "sha512-KoVmtUDmC0FgNIwwKS8RX7Z8sFtS2kCed265+y2LeJxKSgzkPlUyBZcofYkNOD6+urNvmSdegm7T9saiXGs2UA==",
      "license": "BSD-2-Clause",
      "optional": true,
      "peer": true
    }
  }
}
